<?xml version="1.0" encoding="utf-8"?>
<Project ToolsVersion="4.0" xmlns="http://schemas.microsoft.com/developer/msbuild/2003">
  <ItemGroup>
    <Filter Include="Source Files">
      <UniqueIdentifier>{4FC737F1-C7A5-4376-A066-2A32D752A2FF}</UniqueIdentifier>
      <Extensions>cpp;c;cc;cxx;c++;cppm;ixx;def;odl;idl;hpj;bat;asm;asmx</Extensions>
    </Filter>
    <Filter Include="Header Files">
      <UniqueIdentifier>{93995380-89BD-4b04-88EB-625FBE52EBFB}</UniqueIdentifier>
      <Extensions>h;hh;hpp;hxx;h++;hm;inl;inc;ipp;xsd</Extensions>
    </Filter>
    <Filter Include="Resource Files">
      <UniqueIdentifier>{67DA6AB6-F800-4c08-8B7A-83BB121AAD01}</UniqueIdentifier>
      <Extensions>rc;ico;cur;bmp;dlg;rc2;rct;bin;rgs;gif;jpg;jpeg;jpe;resx;tiff;tif;png;wav;mfcribbon-ms</Extensions>
    </Filter>
  </ItemGroup>
  <ItemGroup>
    <ClInclude Include="cores\products\Product.h">
      <Filter>Header Files</Filter>
    </ClInclude>
    <ClInclude Include="cores\products\BookProduct.h">
      <Filter>Header Files</Filter>
    </ClInclude>
    <ClInclude Include="cores\products\MusicProduct.h">
      <Filter>Header Files</Filter>
    </ClInclude>
    <ClInclude Include="cores\products\GameProduct.h">
      <Filter>Header Files</Filter>
    </ClInclude>
    <ClInclude Include="cores\customer\Customer.h">
      <Filter>Header Files</Filter>
    </ClInclude>
    <ClInclude Include="app\OrderingApplication.h">
      <Filter>Header Files</Filter>
    </ClInclude>
    <ClInclude Include="cores\order\Order.h">
      <Filter>Header Files</Filter>
    </ClInclude>
    <ClInclude Include="cores\cart\CartItem.h">
      <Filter>Header Files</Filter>
    </ClInclude>
    <ClInclude Include="cores\cart\ShoppingCart.h">
      <Filter>Header Files</Filter>
    </ClInclude>
    <ClInclude Include="manage\ProductManage.h">
      <Filter>Header Files</Filter>
    </ClInclude>
    <ClInclude Include="manage\OrderManage.h">
      <Filter>Header Files</Filter>
    </ClInclude>
    <ClInclude Include="manage\FileManage.h">
      <Filter>Header Files</Filter>
    </ClInclude>
  </ItemGroup>
  <ItemGroup>
    <ClCompile Include="cores\products\Product.cpp">
      <Filter>Source Files</Filter>
    </ClCompile>
    <ClCompile Include="cores\products\BookProduct.cpp">
      <Filter>Source Files</Filter>
    </ClCompile>
    <ClCompile Include="cores\products\MusicProduct.cpp">
      <Filter>Source Files</Filter>
    </ClCompile>
    <ClCompile Include="cores\products\GameProduct.cpp">
      <Filter>Source Files</Filter>
    </ClCompile>
    <ClCompile Include="cores\customer\Customer.cpp">
      <Filter>Source Files</Filter>
    </ClCompile>
    <ClCompile Include="main.cpp">
      <Filter>Source Files</Filter>
    </ClCompile>
    <ClCompile Include="app\OrderingApplication.cpp">
      <Filter>Source Files</Filter>
    </ClCompile>
    <ClCompile Include="cores\order\Order.cpp">
      <Filter>Source Files</Filter>
    </ClCompile>
    <ClCompile Include="cores\cart\CartItem.cpp">
      <Filter>Source Files</Filter>
    </ClCompile>
    <ClCompile Include="cores\cart\ShoppingCart.cpp">
      <Filter>Source Files</Filter>
    </ClCompile>
    <ClCompile Include="manage\ProductManage.cpp">
      <Filter>Source Files</Filter>
    </ClCompile>
    <ClCompile Include="manage\OrderManage.cpp">
      <Filter>Source Files</Filter>
    </ClCompile>
    <ClCompile Include="manage\FileManage.cpp">
      <Filter>Source Files</Filter>
    </ClCompile>
  </ItemGroup>
  <ItemGroup>
    <None Include="TASK CAN LAM.md" />
    <None Include="HUONG DAN SU DUNG GIT.md" />
    <None Include="OOP-ORDERING-APP.slnx" />
    <None Include=".gitignore" />
  </ItemGroup>
  <ItemGroup>
    <Text Include="data\products.txt" />
  </ItemGroup>
</Project>